{
  "version": 4,
  "terraform_version": "1.5.7",
  "serial": 3,
  "lineage": "d7754e96-f9f5-13d5-febd-3df2007324ef",
  "outputs": {
    "rke_node_ip": {
      "value": "34.27.123.147",
      "type": "string"
    }
  },
  "resources": [
    {
      "mode": "managed",
      "type": "google_compute_instance",
      "name": "rke_node",
      "provider": "provider[\"registry.terraform.io/hashicorp/google\"]",
      "instances": [
        {
          "schema_version": 6,
          "attributes": {
            "advanced_machine_features": [],
            "allow_stopping_for_update": null,
            "attached_disk": [],
            "boot_disk": [
              {
                "auto_delete": true,
                "device_name": "persistent-disk-0",
                "disk_encryption_key_raw": "",
                "disk_encryption_key_rsa": "",
                "disk_encryption_key_sha256": "",
                "disk_encryption_service_account": "",
                "force_attach": false,
                "guest_os_features": [
                  "VIRTIO_SCSI_MULTIQUEUE",
                  "SEV_CAPABLE",
                  "SEV_SNP_CAPABLE",
                  "SEV_LIVE_MIGRATABLE",
                  "SEV_LIVE_MIGRATABLE_V2",
                  "IDPF",
                  "TDX_CAPABLE",
                  "UEFI_COMPATIBLE",
                  "GVNIC"
                ],
                "initialize_params": [
                  {
                    "architecture": "X86_64",
                    "enable_confidential_compute": false,
                    "image": "https://www.googleapis.com/compute/v1/projects/ubuntu-os-cloud/global/images/ubuntu-2204-jammy-v20250523",
                    "labels": {},
                    "provisioned_iops": 0,
                    "provisioned_throughput": 0,
                    "resource_manager_tags": null,
                    "resource_policies": [],
                    "size": 30,
                    "snapshot": "",
                    "source_image_encryption_key": [],
                    "source_snapshot_encryption_key": [],
                    "storage_pool": "",
                    "type": "pd-standard"
                  }
                ],
                "interface": "",
                "kms_key_self_link": "",
                "mode": "READ_WRITE",
                "source": "https://www.googleapis.com/compute/v1/projects/voyager-v1-460802/zones/us-central1-a/disks/rke-node-1"
              }
            ],
            "can_ip_forward": false,
            "confidential_instance_config": [],
            "cpu_platform": "Intel Broadwell",
            "creation_timestamp": "2025-05-23T20:04:19.315-07:00",
            "current_status": "RUNNING",
            "deletion_protection": false,
            "description": "",
            "desired_status": null,
            "effective_labels": {
              "goog-terraform-provisioned": "true"
            },
            "enable_display": false,
            "guest_accelerator": [],
            "hostname": "",
            "id": "projects/voyager-v1-460802/zones/us-central1-a/instances/rke-node-1",
            "instance_encryption_key": [],
            "instance_id": "2289233446030838237",
            "key_revocation_action_type": "",
            "label_fingerprint": "vezUS-42LLM=",
            "labels": null,
            "machine_type": "e2-medium",
            "metadata": {
              "ssh-keys": "nayeem_au96:ssh-rsa AAAAB3NzaC1yc2EAAAADAQABAAACAQC2FBIKObWG9nhjq2i5/3xVfPaloAI3DvE89NXueOpq7ELRZdwvN/qMoqKgZ9CwetKTyhuOwi0P4pho5Q9M0YomntWklzBefjI5nfbDqFzEap12uvYaG4wSdT0i3yvywB9fghB42F/MM9U5h8zFrnC8wN6X3SfwlZCM1VfTMD4mJkWSqrrF4ReZ3DMfIPFC1V/LUl1axnsAkvcf5dFkDRbkljINd+nFaPv78Phv7AxGSuEPAra+Hz00a6IixNXAr6GaNrzEicxZne4F+mf0tz+NMDuYAC98yW6ZwZlN0FofM0UQTSGHArSE1FK7HV8KJk4BMQJCG5pVq4RTLMOUIiip7zURqmFJwuq8XCGrPQwZT7ybPkGzRKYs2V20+l8DOQ6Z820G4mufxhW+qlEQwBNgj3ez6r3TJZtR8nAjTOWRFyXDXcqwCXiJHs+LaUFMiavH11HxXsSAkBXJjjid5t33G2o0RqW9KAfWiG6u/Mzhh2DGj7TJC8sqxhOOnoc9UATTmByhPNdAlFafP/i4sRtBblvrsFm8yzYA1eidnkeaH4Z6EostUhI0AEIstZ5fMXHRvzifmXSCF/p6Izowa7/HbDH3HaL1zMAa+y7du18q+WZmZWrfLleTCKEfg875MfjD/Ajlk3Ba/SkEZ2VmG1cz9rQMZjhHj7/ObAeWqxd/nw== nayeem_au96\n"
            },
            "metadata_fingerprint": "0TdLLtYfTnA=",
            "metadata_startup_script": null,
            "min_cpu_platform": "",
            "name": "rke-node-1",
            "network_interface": [
              {
                "access_config": [
                  {
                    "nat_ip": "34.27.123.147",
                    "network_tier": "PREMIUM",
                    "public_ptr_domain_name": ""
                  }
                ],
                "alias_ip_range": [],
                "internal_ipv6_prefix_length": 0,
                "ipv6_access_config": [],
                "ipv6_access_type": "",
                "ipv6_address": "",
                "name": "nic0",
                "network": "https://www.googleapis.com/compute/v1/projects/voyager-v1-460802/global/networks/default",
                "network_attachment": "",
                "network_ip": "10.128.0.2",
                "nic_type": "",
                "queue_count": 0,
                "stack_type": "IPV4_ONLY",
                "subnetwork": "https://www.googleapis.com/compute/v1/projects/voyager-v1-460802/regions/us-central1/subnetworks/default",
                "subnetwork_project": "voyager-v1-460802"
              }
            ],
            "network_performance_config": [],
            "params": [],
            "project": "voyager-v1-460802",
            "reservation_affinity": [],
            "resource_policies": null,
            "scheduling": [
              {
                "automatic_restart": true,
                "availability_domain": 0,
                "instance_termination_action": "",
                "local_ssd_recovery_timeout": [],
                "max_run_duration": [],
                "min_node_cpus": 0,
                "node_affinities": [],
                "on_host_maintenance": "MIGRATE",
                "on_instance_stop_action": [],
                "preemptible": false,
                "provisioning_model": "STANDARD",
                "termination_time": ""
              }
            ],
            "scratch_disk": [],
            "self_link": "https://www.googleapis.com/compute/v1/projects/voyager-v1-460802/zones/us-central1-a/instances/rke-node-1",
            "service_account": [],
            "shielded_instance_config": [
              {
                "enable_integrity_monitoring": true,
                "enable_secure_boot": false,
                "enable_vtpm": true
              }
            ],
            "tags": null,
            "tags_fingerprint": "42WmSpB8rSM=",
            "terraform_labels": {
              "goog-terraform-provisioned": "true"
            },
            "timeouts": null,
            "zone": "us-central1-a"
          },
          "sensitive_attributes": [],
          "private": "eyJlMmJmYjczMC1lY2FhLTExZTYtOGY4OC0zNDM2M2JjN2M0YzAiOnsiY3JlYXRlIjoxMjAwMDAwMDAwMDAwLCJkZWxldGUiOjEyMDAwMDAwMDAwMDAsInVwZGF0ZSI6MTIwMDAwMDAwMDAwMH0sInNjaGVtYV92ZXJzaW9uIjoiNiJ9"
        }
      ]
    }
  ],
  "check_results": null
}
